# THIS IS AN AUTOGENERATED FILE. DO NOT EDIT THIS FILE DIRECTLY.
# yarn lockfile v1


assert@^1.4.1:
  version "1.5.0"
  resolved "https://registry.yarnpkg.com/assert/-/assert-1.5.0.tgz#55c109aaf6e0aefdb3dc4b71240c70bf574b18eb"
  integrity sha512-EDsgawzwoun2CZkCgtxJbv392v4nbk9XDD06zI+kQYoBM/3RBWLlEyJARDOmhAAosBjWACEkKL6S+lIZtcAubA==
  dependencies:
    object-assign "^4.1.1"
    util "0.10.3"

colors@^1.1.2:
  version "1.3.3"
  resolved "https://registry.yarnpkg.com/colors/-/colors-1.3.3.tgz#39e005d546afe01e01f9c4ca8fa50f686a01205d"
  integrity sha512-mmGt/1pZqYRjMxB1axhTo16/snVZ5krrKkcmMeVKxzECMMXoCgnvTPp10QgHfcbQZw8Dq2jMNG6je4JlWU0gWg==

figlet@^1.2.0:
  version "1.2.3"
  resolved "https://registry.yarnpkg.com/figlet/-/figlet-1.2.3.tgz#7d25df546f41fc411c2a8b88012d48d55de72129"
  integrity sha512-+F5zdvZ66j77b8x2KCPvWUHC0UCKUMWrewxmewgPlagp3wmDpcrHMbyv/ygq/6xoxBPGQA+UJU3SMoBzKoROQQ==

git-upload@^1.1.4:
  version "1.1.4"
  resolved "https://registry.yarnpkg.com/git-upload/-/git-upload-1.1.4.tgz#e8bcc320b349d92b986a03db34b2f2cabcfba393"
  integrity sha1-6LzDILNJ2SuYagPbNLLyyrz7o5M=
  dependencies:
    assert "^1.4.1"
    colors "^1.1.2"
    figlet "^1.2.0"

inherits@2.0.1:
  version "2.0.1"
  resolved "https://registry.yarnpkg.com/inherits/-/inherits-2.0.1.tgz#b17d08d326b4423e568eff719f91b0b1cbdf69f1"
  integrity sha1-sX0I0ya0Qj5Wjv9xn5GwscvfafE=

object-assign@^4.1.1:
  version "4.1.1"
  resolved "https://registry.yarnpkg.com/object-assign/-/object-assign-4.1.1.tgz#2109adc7965887cfc05cbbd442cac8bfbb360863"
  integrity sha1-IQmtx5ZYh8/AXLvUQsrIv7s2CGM=

util@0.10.3:
  version "0.10.3"
  resolved "https://registry.yarnpkg.com/util/-/util-0.10.3.tgz#7afb1afe50805246489e3db7fe0ed379336ac0f9"
  integrity sha1-evsa/lCAUkZInj23/g7TeTNqwPk=
  dependencies:
    inherits "2.0.1"
